
Microsoft Visual Studio Solution File, Format Version 12.00
# Visual Studio 2012
Project("{FAE04EC0-301F-11D3-BF4B-00C04F79EFBC}") = "MongoDB.Repository", "MongoDB.Repository\MongoDB.Repository.csproj", "{0B510137-AC0F-44AF-BEC1-A7095AF8FBA5}"
EndProject
Project("{FAE04EC0-301F-11D3-BF4B-00C04F79EFBC}") = "MongoDB.Repository.Tests", "MongoDB.Repository.Tests\MongoDB.Repository.Tests.csproj", "{6325D935-1BC3-4D88-97A6-6DCB9FDE525B}"
EndProject
Global
	GlobalSection(SolutionConfigurationPlatforms) = preSolution
		Debug|Any CPU = Debug|Any CPU
		Release|Any CPU = Release|Any CPU
	EndGlobalSection
	GlobalSection(ProjectConfigurationPlatforms) = postSolution
		{0B510137-AC0F-44AF-BEC1-A7095AF8FBA5}.Debug|Any CPU.ActiveCfg = Debug|Any CPU
		{0B510137-AC0F-44AF-BEC1-A7095AF8FBA5}.Debug|Any CPU.Build.0 = Debug|Any CPU
		{0B510137-AC0F-44AF-BEC1-A7095AF8FBA5}.Release|Any CPU.ActiveCfg = Release|Any CPU
		{0B510137-AC0F-44AF-BEC1-A7095AF8FBA5}.Release|Any CPU.Build.0 = Release|Any CPU
		{6325D935-1BC3-4D88-97A6-6DCB9FDE525B}.Debug|Any CPU.ActiveCfg = Debug|Any CPU
		{6325D935-1BC3-4D88-97A6-6DCB9FDE525B}.Debug|Any CPU.Build.0 = Debug|Any CPU
		{6325D935-1BC3-4D88-97A6-6DCB9FDE525B}.Release|Any CPU.ActiveCfg = Release|Any CPU
		{6325D935-1BC3-4D88-97A6-6DCB9FDE525B}.Release|Any CPU.Build.0 = Release|Any CPU
	EndGlobalSection
	GlobalSection(SolutionProperties) = preSolution
		HideSolutionNode = FALSE
	EndGlobalSection
EndGlobal
